
Microsoft Visual Studio Solution File, Format Version 12.00
# Visual Studio 14
VisualStudioVersion = 14.0.25420.1
MinimumVisualStudioVersion = 10.0.40219.1
Project("{FAE04EC0-301F-11D3-BF4B-00C04F79EFBC}") = "Ubik Code API Exemple", "Ubik Code API Exemple\Ubik Code API Exemple.csproj", "{FDA9F133-E927-454A-B569-4B62CB8C325A}"
EndProject
Global
	GlobalSection(SolutionConfigurationPlatforms) = preSolution
		Debug|Any CPU = Debug|Any CPU
		Release|Any CPU = Release|Any CPU
	EndGlobalSection
	GlobalSection(ProjectConfigurationPlatforms) = postSolution
		{FDA9F133-E927-454A-B569-4B62CB8C325A}.Debug|Any CPU.ActiveCfg = Debug|Any CPU
		{FDA9F133-E927-454A-B569-4B62CB8C325A}.Debug|Any CPU.Build.0 = Debug|Any CPU
		{FDA9F133-E927-454A-B569-4B62CB8C325A}.Release|Any CPU.ActiveCfg = Release|Any CPU
		{FDA9F133-E927-454A-B569-4B62CB8C325A}.Release|Any CPU.Build.0 = Release|Any CPU
	EndGlobalSection
	GlobalSection(SolutionProperties) = preSolution
		HideSolutionNode = FALSE
	EndGlobalSection
EndGlobal
